
Microsoft Visual Studio Solution File, Format Version 12.00
# Visual Studio Version 17
VisualStudioVersion = 17.0.31903.59
MinimumVisualStudioVersion = 10.0.40219.1
Project("{2150E333-8FDC-42A3-9474-1A3956D46DE8}") = "src", "src", "{08958807-70C8-4417-8036-3EA5DDF9889E}"
EndProject
Project("{FAE04EC0-301F-11D3-BF4B-00C04F79EFBC}") = "Core", "src\Core\Core.csproj", "{1B734029-A3EA-465D-BC07-9EA6A7D7C3A8}"
EndProject
Project("{FAE04EC0-301F-11D3-BF4B-00C04F79EFBC}") = "Web", "src\Web\Web.csproj", "{3B494CB1-70C2-4230-A2DA-81B0C3B6F10C}"
EndProject
Project("{FAE04EC0-301F-11D3-BF4B-00C04F79EFBC}") = "Infrastructure", "src\Infrastructure\Infrastructure.csproj", "{B5B3C780-075B-49F0-8727-B9DDECBD425F}"
EndProject
Project("{2150E333-8FDC-42A3-9474-1A3956D46DE8}") = "tests", "tests", "{F07F4D7C-59F5-4E21-A65B-794F92BB059D}"
EndProject
Project("{2150E333-8FDC-42A3-9474-1A3956D46DE8}") = "Core", "Core", "{F6E68357-96C9-4D14-A055-AA79EE3A2F21}"
EndProject
Project("{FAE04EC0-301F-11D3-BF4B-00C04F79EFBC}") = "UnitTests", "tests\Core\UnitTests\UnitTests.csproj", "{C01BACC5-1B54-4BC2-AB2E-D86ECFDFED60}"
EndProject
Project("{2150E333-8FDC-42A3-9474-1A3956D46DE8}") = "Infrastructure", "Infrastructure", "{2E17A311-5088-4106-9B36-3E1B4AF419E8}"
EndProject
Project("{FAE04EC0-301F-11D3-BF4B-00C04F79EFBC}") = "IntegrationTests", "tests\Infrastructure\IntegrationTests\IntegrationTests.csproj", "{4491A76C-3306-44F3-83CC-F7A5FF06496B}"
EndProject
Global
	GlobalSection(SolutionConfigurationPlatforms) = preSolution
		Debug|Any CPU = Debug|Any CPU
		Release|Any CPU = Release|Any CPU
	EndGlobalSection
	GlobalSection(SolutionProperties) = preSolution
		HideSolutionNode = FALSE
	EndGlobalSection
	GlobalSection(ProjectConfigurationPlatforms) = postSolution
		{1B734029-A3EA-465D-BC07-9EA6A7D7C3A8}.Debug|Any CPU.ActiveCfg = Debug|Any CPU
		{1B734029-A3EA-465D-BC07-9EA6A7D7C3A8}.Debug|Any CPU.Build.0 = Debug|Any CPU
		{1B734029-A3EA-465D-BC07-9EA6A7D7C3A8}.Release|Any CPU.ActiveCfg = Release|Any CPU
		{1B734029-A3EA-465D-BC07-9EA6A7D7C3A8}.Release|Any CPU.Build.0 = Release|Any CPU
		{3B494CB1-70C2-4230-A2DA-81B0C3B6F10C}.Debug|Any CPU.ActiveCfg = Debug|Any CPU
		{3B494CB1-70C2-4230-A2DA-81B0C3B6F10C}.Debug|Any CPU.Build.0 = Debug|Any CPU
		{3B494CB1-70C2-4230-A2DA-81B0C3B6F10C}.Release|Any CPU.ActiveCfg = Release|Any CPU
		{3B494CB1-70C2-4230-A2DA-81B0C3B6F10C}.Release|Any CPU.Build.0 = Release|Any CPU
		{B5B3C780-075B-49F0-8727-B9DDECBD425F}.Debug|Any CPU.ActiveCfg = Debug|Any CPU
		{B5B3C780-075B-49F0-8727-B9DDECBD425F}.Debug|Any CPU.Build.0 = Debug|Any CPU
		{B5B3C780-075B-49F0-8727-B9DDECBD425F}.Release|Any CPU.ActiveCfg = Release|Any CPU
		{B5B3C780-075B-49F0-8727-B9DDECBD425F}.Release|Any CPU.Build.0 = Release|Any CPU
		{C01BACC5-1B54-4BC2-AB2E-D86ECFDFED60}.Debug|Any CPU.ActiveCfg = Debug|Any CPU
		{C01BACC5-1B54-4BC2-AB2E-D86ECFDFED60}.Debug|Any CPU.Build.0 = Debug|Any CPU
		{C01BACC5-1B54-4BC2-AB2E-D86ECFDFED60}.Release|Any CPU.ActiveCfg = Release|Any CPU
		{C01BACC5-1B54-4BC2-AB2E-D86ECFDFED60}.Release|Any CPU.Build.0 = Release|Any CPU
		{4491A76C-3306-44F3-83CC-F7A5FF06496B}.Debug|Any CPU.ActiveCfg = Debug|Any CPU
		{4491A76C-3306-44F3-83CC-F7A5FF06496B}.Debug|Any CPU.Build.0 = Debug|Any CPU
		{4491A76C-3306-44F3-83CC-F7A5FF06496B}.Release|Any CPU.ActiveCfg = Release|Any CPU
		{4491A76C-3306-44F3-83CC-F7A5FF06496B}.Release|Any CPU.Build.0 = Release|Any CPU
	EndGlobalSection
	GlobalSection(NestedProjects) = preSolution
		{1B734029-A3EA-465D-BC07-9EA6A7D7C3A8} = {08958807-70C8-4417-8036-3EA5DDF9889E}
		{3B494CB1-70C2-4230-A2DA-81B0C3B6F10C} = {08958807-70C8-4417-8036-3EA5DDF9889E}
		{B5B3C780-075B-49F0-8727-B9DDECBD425F} = {08958807-70C8-4417-8036-3EA5DDF9889E}
		{F6E68357-96C9-4D14-A055-AA79EE3A2F21} = {F07F4D7C-59F5-4E21-A65B-794F92BB059D}
		{C01BACC5-1B54-4BC2-AB2E-D86ECFDFED60} = {F6E68357-96C9-4D14-A055-AA79EE3A2F21}
		{2E17A311-5088-4106-9B36-3E1B4AF419E8} = {F07F4D7C-59F5-4E21-A65B-794F92BB059D}
		{4491A76C-3306-44F3-83CC-F7A5FF06496B} = {2E17A311-5088-4106-9B36-3E1B4AF419E8}
	EndGlobalSection
EndGlobal
